
Microsoft Visual Studio Solution File, Format Version 12.00
# Visual Studio Version 17
VisualStudioVersion = 17.3.32825.248
MinimumVisualStudioVersion = 10.0.40219.1
Project("{FAE04EC0-301F-11D3-BF4B-00C04F79EFBC}") = "CoreRevitLibrary", "CoreRevitLibrary\CoreRevitLibrary.csproj", "{74E25644-73F0-4B36-89DF-0595D27E1BD9}"
EndProject
Global
	GlobalSection(SolutionConfigurationPlatforms) = preSolution
		Debug|Any CPU = Debug|Any CPU
		Release|Any CPU = Release|Any CPU
	EndGlobalSection
	GlobalSection(ProjectConfigurationPlatforms) = postSolution
		{74E25644-73F0-4B36-89DF-0595D27E1BD9}.Debug|Any CPU.ActiveCfg = Debug|Any CPU
		{74E25644-73F0-4B36-89DF-0595D27E1BD9}.Debug|Any CPU.Build.0 = Debug|Any CPU
		{74E25644-73F0-4B36-89DF-0595D27E1BD9}.Release|Any CPU.ActiveCfg = Release|Any CPU
		{74E25644-73F0-4B36-89DF-0595D27E1BD9}.Release|Any CPU.Build.0 = Release|Any CPU
	EndGlobalSection
	GlobalSection(SolutionProperties) = preSolution
		HideSolutionNode = FALSE
	EndGlobalSection
	GlobalSection(ExtensibilityGlobals) = postSolution
		SolutionGuid = {412B0E15-3A54-410E-BA2E-2B7C87589BA1}
	EndGlobalSection
EndGlobal
